# @generated by Move, please check-in and do not edit manually.

[move]
version = 3
manifest_digest = "971B1C522B18DCF6E617808860A96C0CFB6937649964CE64DB7BAE410DA6E5BE"
deps_digest = "397E6A9F7A624706DBDFEE056CE88391A15876868FD18A88504DA74EB458D697"
dependencies = [
  { id = "Iota", name = "Iota" },
  { id = "IotaNotarization", name = "IotaNotarization" },
  { id = "IotaSystem", name = "IotaSystem" },
  { id = "MoveStdlib", name = "MoveStdlib" },
  { id = "Stardust", name = "Stardust" },
]

[[move.package]]
id = "Iota"
source = { git = "https://github.com/iotaledger/iota.git", rev = "e694e2ee8f2f9f0b9b03b843a24ff0f7bcff2930", subdir = "crates/iota-framework/packages/iota-framework" }

dependencies = [
  { id = "MoveStdlib", name = "MoveStdlib" },
]

[[move.package]]
id = "IotaNotarization"
source = { git = "https://github.com/iotaledger/notarization.git", rev = "main", subdir = "notarization-move" }

dependencies = [
  { id = "Iota", name = "Iota" },
  { id = "IotaSystem", name = "IotaSystem" },
  { id = "MoveStdlib", name = "MoveStdlib" },
  { id = "Stardust", name = "Stardust" },
]

[[move.package]]
id = "IotaSystem"
source = { git = "https://github.com/iotaledger/iota.git", rev = "e694e2ee8f2f9f0b9b03b843a24ff0f7bcff2930", subdir = "crates/iota-framework/packages/iota-system" }

dependencies = [
  { id = "Iota", name = "Iota" },
  { id = "MoveStdlib", name = "MoveStdlib" },
]

[[move.package]]
id = "MoveStdlib"
source = { git = "https://github.com/iotaledger/iota.git", rev = "e694e2ee8f2f9f0b9b03b843a24ff0f7bcff2930", subdir = "crates/iota-framework/packages/move-stdlib" }

[[move.package]]
id = "Stardust"
source = { git = "https://github.com/iotaledger/iota.git", rev = "e694e2ee8f2f9f0b9b03b843a24ff0f7bcff2930", subdir = "crates/iota-framework/packages/stardust" }

dependencies = [
  { id = "Iota", name = "Iota" },
  { id = "MoveStdlib", name = "MoveStdlib" },
]

[move.toolchain-version]
compiler-version = "1.16.1-beta"
edition = "2024"
flavor = "iota"

[env]

[env.devnet]
chain-id = "daf90477"
original-published-id = "0x788410411974bcec8a75ccfc959038478e8c42d6c54e6977b20b8d5a1d8f7c36"
latest-published-id = "0x788410411974bcec8a75ccfc959038478e8c42d6c54e6977b20b8d5a1d8f7c36"
published-version = "1"
